// !$*UTF8*$!
{
	archiveVersion = 1;
	classes = {
	};
	objectVersion = 46;
	objects = {

/* Begin PBXBuildFile section */
		88ABB0D11D91343E00CB26A7 /* main.m in Sources */ = {isa = PBXBuildFile; fileRef = 88ABB0D01D91343E00CB26A7 /* main.m */; };
		88ABB0D41D91343E00CB26A7 /* AppDelegate.m in Sources */ = {isa = PBXBuildFile; fileRef = 88ABB0D31D91343E00CB26A7 /* AppDelegate.m */; };
		88ABB0D71D91343E00CB26A7 /* ViewController.m in Sources */ = {isa = PBXBuildFile; fileRef = 88ABB0D61D91343E00CB26A7 /* ViewController.m */; };
		88ABB0DA1D91343E00CB26A7 /* Main.storyboard in Resources */ = {isa = PBXBuildFile; fileRef = 88ABB0D81D91343E00CB26A7 /* Main.storyboard */; };
		88ABB0DC1D91343E00CB26A7 /* Assets.xcassets in Resources */ = {isa = PBXBuildFile; fileRef = 88ABB0DB1D91343E00CB26A7 /* Assets.xcassets */; };
		88ABB0DF1D91343E00CB26A7 /* LaunchScreen.storyboard in Resources */ = {isa = PBXBuildFile; fileRef = 88ABB0DD1D91343E00CB26A7 /* LaunchScreen.storyboard */; };
		88ABB0E81D91352C00CB26A7 /* WSLayout.m in Sources */ = {isa = PBXBuildFile; fileRef = 88ABB0E71D91352C00CB26A7 /* WSLayout.m */; };
		88ABB0F71D91363A00CB26A7 /* AFHTTPSessionManager.m in Sources */ = {isa = PBXBuildFile; fileRef = 88ABB0EB1D91363A00CB26A7 /* AFHTTPSessionManager.m */; };
		88ABB0F81D91363A00CB26A7 /* AFNetworkReachabilityManager.m in Sources */ = {isa = PBXBuildFile; fileRef = 88ABB0EE1D91363A00CB26A7 /* AFNetworkReachabilityManager.m */; };
		88ABB0F91D91363A00CB26A7 /* AFSecurityPolicy.m in Sources */ = {isa = PBXBuildFile; fileRef = 88ABB0F01D91363A00CB26A7 /* AFSecurityPolicy.m */; };
		88ABB0FA1D91363A00CB26A7 /* AFURLRequestSerialization.m in Sources */ = {isa = PBXBuildFile; fileRef = 88ABB0F21D91363A00CB26A7 /* AFURLRequestSerialization.m */; };
		88ABB0FB1D91363A00CB26A7 /* AFURLResponseSerialization.m in Sources */ = {isa = PBXBuildFile; fileRef = 88ABB0F41D91363A00CB26A7 /* AFURLResponseSerialization.m */; };
		88ABB0FC1D91363A00CB26A7 /* AFURLSessionManager.m in Sources */ = {isa = PBXBuildFile; fileRef = 88ABB0F61D91363A00CB26A7 /* AFURLSessionManager.m */; };
		88ABB11F1D91364800CB26A7 /* MKAnnotationView+WebCache.m in Sources */ = {isa = PBXBuildFile; fileRef = 88ABB0FF1D91364800CB26A7 /* MKAnnotationView+WebCache.m */; };
		88ABB1201D91364800CB26A7 /* NSData+ImageContentType.m in Sources */ = {isa = PBXBuildFile; fileRef = 88ABB1011D91364800CB26A7 /* NSData+ImageContentType.m */; };
		88ABB1211D91364800CB26A7 /* SDImageCache.m in Sources */ = {isa = PBXBuildFile; fileRef = 88ABB1031D91364800CB26A7 /* SDImageCache.m */; };
		88ABB1221D91364800CB26A7 /* SDWebImageCompat.m in Sources */ = {isa = PBXBuildFile; fileRef = 88ABB1051D91364800CB26A7 /* SDWebImageCompat.m */; };
		88ABB1231D91364800CB26A7 /* SDWebImageDecoder.m in Sources */ = {isa = PBXBuildFile; fileRef = 88ABB1071D91364800CB26A7 /* SDWebImageDecoder.m */; };
		88ABB1241D91364800CB26A7 /* SDWebImageDownloader.m in Sources */ = {isa = PBXBuildFile; fileRef = 88ABB1091D91364800CB26A7 /* SDWebImageDownloader.m */; };
		88ABB1251D91364800CB26A7 /* SDWebImageDownloaderOperation.m in Sources */ = {isa = PBXBuildFile; fileRef = 88ABB10B1D91364800CB26A7 /* SDWebImageDownloaderOperation.m */; };
		88ABB1261D91364800CB26A7 /* SDWebImageManager.m in Sources */ = {isa = PBXBuildFile; fileRef = 88ABB10D1D91364800CB26A7 /* SDWebImageManager.m */; };
		88ABB1271D91364800CB26A7 /* SDWebImagePrefetcher.m in Sources */ = {isa = PBXBuildFile; fileRef = 88ABB1101D91364800CB26A7 /* SDWebImagePrefetcher.m */; };
		88ABB1281D91364800CB26A7 /* UIButton+WebCache.m in Sources */ = {isa = PBXBuildFile; fileRef = 88ABB1121D91364800CB26A7 /* UIButton+WebCache.m */; };
		88ABB1291D91364800CB26A7 /* UIImage+GIF.m in Sources */ = {isa = PBXBuildFile; fileRef = 88ABB1141D91364800CB26A7 /* UIImage+GIF.m */; };
		88ABB12A1D91364800CB26A7 /* UIImage+MultiFormat.m in Sources */ = {isa = PBXBuildFile; fileRef = 88ABB1161D91364800CB26A7 /* UIImage+MultiFormat.m */; };
		88ABB12B1D91364800CB26A7 /* UIImage+WebP.m in Sources */ = {isa = PBXBuildFile; fileRef = 88ABB1181D91364800CB26A7 /* UIImage+WebP.m */; };
		88ABB12C1D91364800CB26A7 /* UIImageView+HighlightedWebCache.m in Sources */ = {isa = PBXBuildFile; fileRef = 88ABB11A1D91364800CB26A7 /* UIImageView+HighlightedWebCache.m */; };
		88ABB12D1D91364800CB26A7 /* UIImageView+WebCache.m in Sources */ = {isa = PBXBuildFile; fileRef = 88ABB11C1D91364800CB26A7 /* UIImageView+WebCache.m */; };
		88ABB12E1D91364800CB26A7 /* UIView+WebCacheOperation.m in Sources */ = {isa = PBXBuildFile; fileRef = 88ABB11E1D91364800CB26A7 /* UIView+WebCacheOperation.m */; };
/* End PBXBuildFile section */

/* Begin PBXFileReference section */
		88ABB0CC1D91343E00CB26A7 /* 瀑布流.app */ = {isa = PBXFileReference; explicitFileType = wrapper.application; includeInIndex = 0; path = "瀑布流.app"; sourceTree = BUILT_PRODUCTS_DIR; };
		88ABB0D01D91343E00CB26A7 /* main.m */ = {isa = PBXFileReference; lastKnownFileType = sourcecode.c.objc; path = main.m; sourceTree = "<group>"; };
		88ABB0D21D91343E00CB26A7 /* AppDelegate.h */ = {isa = PBXFileReference; lastKnownFileType = sourcecode.c.h; path = AppDelegate.h; sourceTree = "<group>"; };
		88ABB0D31D91343E00CB26A7 /* AppDelegate.m */ = {isa = PBXFileReference; lastKnownFileType = sourcecode.c.objc; path = AppDelegate.m; sourceTree = "<group>"; };
		88ABB0D51D91343E00CB26A7 /* ViewController.h */ = {isa = PBXFileReference; lastKnownFileType = sourcecode.c.h; path = ViewController.h; sourceTree = "<group>"; };
		88ABB0D61D91343E00CB26A7 /* ViewController.m */ = {isa = PBXFileReference; lastKnownFileType = sourcecode.c.objc; path = ViewController.m; sourceTree = "<group>"; };
		88ABB0D91D91343E00CB26A7 /* Base */ = {isa = PBXFileReference; lastKnownFileType = file.storyboard; name = Base; path = Base.lproj/Main.storyboard; sourceTree = "<group>"; };
		88ABB0DB1D91343E00CB26A7 /* Assets.xcassets */ = {isa = PBXFileReference; lastKnownFileType = folder.assetcatalog; path = Assets.xcassets; sourceTree = "<group>"; };
		88ABB0DE1D91343E00CB26A7 /* Base */ = {isa = PBXFileReference; lastKnownFileType = file.storyboard; name = Base; path = Base.lproj/LaunchScreen.storyboard; sourceTree = "<group>"; };
		88ABB0E01D91343E00CB26A7 /* Info.plist */ = {isa = PBXFileReference; lastKnownFileType = text.plist.xml; path = Info.plist; sourceTree = "<group>"; };
		88ABB0E61D91352C00CB26A7 /* WSLayout.h */ = {isa = PBXFileReference; fileEncoding = 4; lastKnownFileType = sourcecode.c.h; path = WSLayout.h; sourceTree = "<group>"; };
		88ABB0E71D91352C00CB26A7 /* WSLayout.m */ = {isa = PBXFileReference; fileEncoding = 4; lastKnownFileType = sourcecode.c.objc; path = WSLayout.m; sourceTree = "<group>"; };
		88ABB0EA1D91363A00CB26A7 /* AFHTTPSessionManager.h */ = {isa = PBXFileReference; fileEncoding = 4; lastKnownFileType = sourcecode.c.h; path = AFHTTPSessionManager.h; sourceTree = "<group>"; };
		88ABB0EB1D91363A00CB26A7 /* AFHTTPSessionManager.m */ = {isa = PBXFileReference; fileEncoding = 4; lastKnownFileType = sourcecode.c.objc; path = AFHTTPSessionManager.m; sourceTree = "<group>"; };
		88ABB0EC1D91363A00CB26A7 /* AFNetworking.h */ = {isa = PBXFileReference; fileEncoding = 4; lastKnownFileType = sourcecode.c.h; path = AFNetworking.h; sourceTree = "<group>"; };
		88ABB0ED1D91363A00CB26A7 /* AFNetworkReachabilityManager.h */ = {isa = PBXFileReference; fileEncoding = 4; lastKnownFileType = sourcecode.c.h; path = AFNetworkReachabilityManager.h; sourceTree = "<group>"; };
		88ABB0EE1D91363A00CB26A7 /* AFNetworkReachabilityManager.m */ = {isa = PBXFileReference; fileEncoding = 4; lastKnownFileType = sourcecode.c.objc; path = AFNetworkReachabilityManager.m; sourceTree = "<group>"; };
		88ABB0EF1D91363A00CB26A7 /* AFSecurityPolicy.h */ = {isa = PBXFileReference; fileEncoding = 4; lastKnownFileType = sourcecode.c.h; path = AFSecurityPolicy.h; sourceTree = "<group>"; };
		88ABB0F01D91363A00CB26A7 /* AFSecurityPolicy.m */ = {isa = PBXFileReference; fileEncoding = 4; lastKnownFileType = sourcecode.c.objc; path = AFSecurityPolicy.m; sourceTree = "<group>"; };
		88ABB0F11D91363A00CB26A7 /* AFURLRequestSerialization.h */ = {isa = PBXFileReference; fileEncoding = 4; lastKnownFileType = sourcecode.c.h; path = AFURLRequestSerialization.h; sourceTree = "<group>"; };
		88ABB0F21D91363A00CB26A7 /* AFURLRequestSerialization.m */ = {isa = PBXFileReference; fileEncoding = 4; lastKnownFileType = sourcecode.c.objc; path = AFURLRequestSerialization.m; sourceTree = "<group>"; };
		88ABB0F31D91363A00CB26A7 /* AFURLResponseSerialization.h */ = {isa = PBXFileReference; fileEncoding = 4; lastKnownFileType = sourcecode.c.h; path = AFURLResponseSerialization.h; sourceTree = "<group>"; };
		88ABB0F41D91363A00CB26A7 /* AFURLResponseSerialization.m */ = {isa = PBXFileReference; fileEncoding = 4; lastKnownFileType = sourcecode.c.objc; path = AFURLResponseSerialization.m; sourceTree = "<group>"; };
		88ABB0F51D91363A00CB26A7 /* AFURLSessionManager.h */ = {isa = PBXFileReference; fileEncoding = 4; lastKnownFileType = sourcecode.c.h; path = AFURLSessionManager.h; sourceTree = "<group>"; };
		88ABB0F61D91363A00CB26A7 /* AFURLSessionManager.m */ = {isa = PBXFileReference; fileEncoding = 4; lastKnownFileType = sourcecode.c.objc; path = AFURLSessionManager.m; sourceTree = "<group>"; };
		88ABB0FE1D91364800CB26A7 /* MKAnnotationView+WebCache.h */ = {isa = PBXFileReference; fileEncoding = 4; lastKnownFileType = sourcecode.c.h; path = "MKAnnotationView+WebCache.h"; sourceTree = "<group>"; };
		88ABB0FF1D91364800CB26A7 /* MKAnnotationView+WebCache.m */ = {isa = PBXFileReference; fileEncoding = 4; lastKnownFileType = sourcecode.c.objc; path = "MKAnnotationView+WebCache.m"; sourceTree = "<group>"; };
		88ABB1001D91364800CB26A7 /* NSData+ImageContentType.h */ = {isa = PBXFileReference; fileEncoding = 4; lastKnownFileType = sourcecode.c.h; path = "NSData+ImageContentType.h"; sourceTree = "<group>"; };
		88ABB1011D91364800CB26A7 /* NSData+ImageContentType.m */ = {isa = PBXFileReference; fileEncoding = 4; lastKnownFileType = sourcecode.c.objc; path = "NSData+ImageContentType.m"; sourceTree = "<group>"; };
		88ABB1021D91364800CB26A7 /* SDImageCache.h */ = {isa = PBXFileReference; fileEncoding = 4; lastKnownFileType = sourcecode.c.h; path = SDImageCache.h; sourceTree = "<group>"; };
		88ABB1031D91364800CB26A7 /* SDImageCache.m */ = {isa = PBXFileReference; fileEncoding = 4; lastKnownFileType = sourcecode.c.objc; path = SDImageCache.m; sourceTree = "<group>"; };
		88ABB1041D91364800CB26A7 /* SDWebImageCompat.h */ = {isa = PBXFileReference; fileEncoding = 4; lastKnownFileType = sourcecode.c.h; path = SDWebImageCompat.h; sourceTree = "<group>"; };
		88ABB1051D91364800CB26A7 /* SDWebImageCompat.m */ = {isa = PBXFileReference; fileEncoding = 4; lastKnownFileType = sourcecode.c.objc; path = SDWebImageCompat.m; sourceTree = "<group>"; };
		88ABB1061D91364800CB26A7 /* SDWebImageDecoder.h */ = {isa = PBXFileReference; fileEncoding = 4; lastKnownFileType = sourcecode.c.h; path = SDWebImageDecoder.h; sourceTree = "<group>"; };
		88ABB1071D91364800CB26A7 /* SDWebImageDecoder.m */ = {isa = PBXFileReference; fileEncoding = 4; lastKnownFileType = sourcecode.c.objc; path = SDWebImageDecoder.m; sourceTree = "<group>"; };
		88ABB1081D91364800CB26A7 /* SDWebImageDownloader.h */ = {isa = PBXFileReference; fileEncoding = 4; lastKnownFileType = sourcecode.c.h; path = SDWebImageDownloader.h; sourceTree = "<group>"; };
		88ABB1091D91364800CB26A7 /* SDWebImageDownloader.m */ = {isa = PBXFileReference; fileEncoding = 4; lastKnownFileType = sourcecode.c.objc; path = SDWebImageDownloader.m; sourceTree = "<group>"; };
		88ABB10A1D91364800CB26A7 /* SDWebImageDownloaderOperation.h */ = {isa = PBXFileReference; fileEncoding = 4; lastKnownFileType = sourcecode.c.h; path = SDWebImageDownloaderOperation.h; sourceTree = "<group>"; };
		88ABB10B1D91364800CB26A7 /* SDWebImageDownloaderOperation.m */ = {isa = PBXFileReference; fileEncoding = 4; lastKnownFileType = sourcecode.c.objc; path = SDWebImageDownloaderOperation.m; sourceTree = "<group>"; };
		88ABB10C1D91364800CB26A7 /* SDWebImageManager.h */ = {isa = PBXFileReference; fileEncoding = 4; lastKnownFileType = sourcecode.c.h; path = SDWebImageManager.h; sourceTree = "<group>"; };
		88ABB10D1D91364800CB26A7 /* SDWebImageManager.m */ = {isa = PBXFileReference; fileEncoding = 4; lastKnownFileType = sourcecode.c.objc; path = SDWebImageManager.m; sourceTree = "<group>"; };
		88ABB10E1D91364800CB26A7 /* SDWebImageOperation.h */ = {isa = PBXFileReference; fileEncoding = 4; lastKnownFileType = sourcecode.c.h; path = SDWebImageOperation.h; sourceTree = "<group>"; };
		88ABB10F1D91364800CB26A7 /* SDWebImagePrefetcher.h */ = {isa = PBXFileReference; fileEncoding = 4; lastKnownFileType = sourcecode.c.h; path = SDWebImagePrefetcher.h; sourceTree = "<group>"; };
		88ABB1101D91364800CB26A7 /* SDWebImagePrefetcher.m */ = {isa = PBXFileReference; fileEncoding = 4; lastKnownFileType = sourcecode.c.objc; path = SDWebImagePrefetcher.m; sourceTree = "<group>"; };
		88ABB1111D91364800CB26A7 /* UIButton+WebCache.h */ = {isa = PBXFileReference; fileEncoding = 4; lastKnownFileType = sourcecode.c.h; path = "UIButton+WebCache.h"; sourceTree = "<group>"; };
		88ABB1121D91364800CB26A7 /* UIButton+WebCache.m */ = {isa = PBXFileReference; fileEncoding = 4; lastKnownFileType = sourcecode.c.objc; path = "UIButton+WebCache.m"; sourceTree = "<group>"; };
		88ABB1131D91364800CB26A7 /* UIImage+GIF.h */ = {isa = PBXFileReference; fileEncoding = 4; lastKnownFileType = sourcecode.c.h; path = "UIImage+GIF.h"; sourceTree = "<group>"; };
		88ABB1141D91364800CB26A7 /* UIImage+GIF.m */ = {isa = PBXFileReference; fileEncoding = 4; lastKnownFileType = sourcecode.c.objc; path = "UIImage+GIF.m"; sourceTree = "<group>"; };
		88ABB1151D91364800CB26A7 /* UIImage+MultiFormat.h */ = {isa = PBXFileReference; fileEncoding = 4; lastKnownFileType = sourcecode.c.h; path = "UIImage+MultiFormat.h"; sourceTree = "<group>"; };
		88ABB1161D91364800CB26A7 /* UIImage+MultiFormat.m */ = {isa = PBXFileReference; fileEncoding = 4; lastKnownFileType = sourcecode.c.objc; path = "UIImage+MultiFormat.m"; sourceTree = "<group>"; };
		88ABB1171D91364800CB26A7 /* UIImage+WebP.h */ = {isa = PBXFileReference; fileEncoding = 4; lastKnownFileType = sourcecode.c.h; path = "UIImage+WebP.h"; sourceTree = "<group>"; };
		88ABB1181D91364800CB26A7 /* UIImage+WebP.m */ = {isa = PBXFileReference; fileEncoding = 4; lastKnownFileType = sourcecode.c.objc; path = "UIImage+WebP.m"; sourceTree = "<group>"; };
		88ABB1191D91364800CB26A7 /* UIImageView+HighlightedWebCache.h */ = {isa = PBXFileReference; fileEncoding = 4; lastKnownFileType = sourcecode.c.h; path = "UIImageView+HighlightedWebCache.h"; sourceTree = "<group>"; };
		88ABB11A1D91364800CB26A7 /* UIImageView+HighlightedWebCache.m */ = {isa = PBXFileReference; fileEncoding = 4; lastKnownFileType = sourcecode.c.objc; path = "UIImageView+HighlightedWebCache.m"; sourceTree = "<group>"; };
		88ABB11B1D91364800CB26A7 /* UIImageView+WebCache.h */ = {isa = PBXFileReference; fileEncoding = 4; lastKnownFileType = sourcecode.c.h; path = "UIImageView+WebCache.h"; sourceTree = "<group>"; };
		88ABB11C1D91364800CB26A7 /* UIImageView+WebCache.m */ = {isa = PBXFileReference; fileEncoding = 4; lastKnownFileType = sourcecode.c.objc; path = "UIImageView+WebCache.m"; sourceTree = "<group>"; };
		88ABB11D1D91364800CB26A7 /* UIView+WebCacheOperation.h */ = {isa = PBXFileReference; fileEncoding = 4; lastKnownFileType = sourcecode.c.h; path = "UIView+WebCacheOperation.h"; sourceTree = "<group>"; };
		88ABB11E1D91364800CB26A7 /* UIView+WebCacheOperation.m */ = {isa = PBXFileReference; fileEncoding = 4; lastKnownFileType = sourcecode.c.objc; path = "UIView+WebCacheOperation.m"; sourceTree = "<group>"; };
/* End PBXFileReference section */

/* Begin PBXFrameworksBuildPhase section */
		88ABB0C91D91343E00CB26A7 /* Frameworks */ = {
			isa = PBXFrameworksBuildPhase;
			buildActionMask = 2147483647;
			files = (
			);
			runOnlyForDeploymentPostprocessing = 0;
		};
/* End PBXFrameworksBuildPhase section */

/* Begin PBXGroup section */
		88ABB0C31D91343E00CB26A7 = {
			isa = PBXGroup;
			children = (
				88ABB0CE1D91343E00CB26A7 /* 瀑布流 */,
				88ABB0CD1D91343E00CB26A7 /* Products */,
			);
			sourceTree = "<group>";
		};
		88ABB0CD1D91343E00CB26A7 /* Products */ = {
			isa = PBXGroup;
			children = (
				88ABB0CC1D91343E00CB26A7 /* 瀑布流.app */,
			);
			name = Products;
			sourceTree = "<group>";
		};
		88ABB0CE1D91343E00CB26A7 /* 瀑布流 */ = {
			isa = PBXGroup;
			children = (
				88ABB0D21D91343E00CB26A7 /* AppDelegate.h */,
				88ABB0D31D91343E00CB26A7 /* AppDelegate.m */,
				88ABB0D51D91343E00CB26A7 /* ViewController.h */,
				88ABB0D61D91343E00CB26A7 /* ViewController.m */,
				88ABB0E61D91352C00CB26A7 /* WSLayout.h */,
				88ABB0E71D91352C00CB26A7 /* WSLayout.m */,
				88ABB0E91D91363A00CB26A7 /* AFNetworking */,
				88ABB0FD1D91364800CB26A7 /* SDWebImage */,
				88ABB0D81D91343E00CB26A7 /* Main.storyboard */,
				88ABB0DB1D91343E00CB26A7 /* Assets.xcassets */,
				88ABB0DD1D91343E00CB26A7 /* LaunchScreen.storyboard */,
				88ABB0E01D91343E00CB26A7 /* Info.plist */,
				88ABB0CF1D91343E00CB26A7 /* Supporting Files */,
			);
			path = "瀑布流";
			sourceTree = "<group>";
		};
		88ABB0CF1D91343E00CB26A7 /* Supporting Files */ = {
			isa = PBXGroup;
			children = (
				88ABB0D01D91343E00CB26A7 /* main.m */,
			);
			name = "Supporting Files";
			sourceTree = "<group>";
		};
		88ABB0E91D91363A00CB26A7 /* AFNetworking */ = {
			isa = PBXGroup;
			children = (
				88ABB0EA1D91363A00CB26A7 /* AFHTTPSessionManager.h */,
				88ABB0EB1D91363A00CB26A7 /* AFHTTPSessionManager.m */,
				88ABB0EC1D91363A00CB26A7 /* AFNetworking.h */,
				88ABB0ED1D91363A00CB26A7 /* AFNetworkReachabilityManager.h */,
				88ABB0EE1D91363A00CB26A7 /* AFNetworkReachabilityManager.m */,
				88ABB0EF1D91363A00CB26A7 /* AFSecurityPolicy.h */,
				88ABB0F01D91363A00CB26A7 /* AFSecurityPolicy.m */,
				88ABB0F11D91363A00CB26A7 /* AFURLRequestSerialization.h */,
				88ABB0F21D91363A00CB26A7 /* AFURLRequestSerialization.m */,
				88ABB0F31D91363A00CB26A7 /* AFURLResponseSerialization.h */,
				88ABB0F41D91363A00CB26A7 /* AFURLResponseSerialization.m */,
				88ABB0F51D91363A00CB26A7 /* AFURLSessionManager.h */,
				88ABB0F61D91363A00CB26A7 /* AFURLSessionManager.m */,
			);
			path = AFNetworking;
			sourceTree = "<group>";
		};
		88ABB0FD1D91364800CB26A7 /* SDWebImage */ = {
			isa = PBXGroup;
			children = (
				88ABB0FE1D91364800CB26A7 /* MKAnnotationView+WebCache.h */,
				88ABB0FF1D91364800CB26A7 /* MKAnnotationView+WebCache.m */,
				88ABB1001D91364800CB26A7 /* NSData+ImageContentType.h */,
				88ABB1011D91364800CB26A7 /* NSData+ImageContentType.m */,
				88ABB1021D91364800CB26A7 /* SDImageCache.h */,
				88ABB1031D91364800CB26A7 /* SDImageCache.m */,
				88ABB1041D91364800CB26A7 /* SDWebImageCompat.h */,
				88ABB1051D91364800CB26A7 /* SDWebImageCompat.m */,
				88ABB1061D91364800CB26A7 /* SDWebImageDecoder.h */,
				88ABB1071D91364800CB26A7 /* SDWebImageDecoder.m */,
				88ABB1081D91364800CB26A7 /* SDWebImageDownloader.h */,
				88ABB1091D91364800CB26A7 /* SDWebImageDownloader.m */,
				88ABB10A1D91364800CB26A7 /* SDWebImageDownloaderOperation.h */,
				88ABB10B1D91364800CB26A7 /* SDWebImageDownloaderOperation.m */,
				88ABB10C1D91364800CB26A7 /* SDWebImageManager.h */,
				88ABB10D1D91364800CB26A7 /* SDWebImageManager.m */,
				88ABB10E1D91364800CB26A7 /* SDWebImageOperation.h */,
				88ABB10F1D91364800CB26A7 /* SDWebImagePrefetcher.h */,
				88ABB1101D91364800CB26A7 /* SDWebImagePrefetcher.m */,
				88ABB1111D91364800CB26A7 /* UIButton+WebCache.h */,
				88ABB1121D91364800CB26A7 /* UIButton+WebCache.m */,
				88ABB1131D91364800CB26A7 /* UIImage+GIF.h */,
				88ABB1141D91364800CB26A7 /* UIImage+GIF.m */,
				88ABB1151D91364800CB26A7 /* UIImage+MultiFormat.h */,
				88ABB1161D91364800CB26A7 /* UIImage+MultiFormat.m */,
				88ABB1171D91364800CB26A7 /* UIImage+WebP.h */,
				88ABB1181D91364800CB26A7 /* UIImage+WebP.m */,
				88ABB1191D91364800CB26A7 /* UIImageView+HighlightedWebCache.h */,
				88ABB11A1D91364800CB26A7 /* UIImageView+HighlightedWebCache.m */,
				88ABB11B1D91364800CB26A7 /* UIImageView+WebCache.h */,
				88ABB11C1D91364800CB26A7 /* UIImageView+WebCache.m */,
				88ABB11D1D91364800CB26A7 /* UIView+WebCacheOperation.h */,
				88ABB11E1D91364800CB26A7 /* UIView+WebCacheOperation.m */,
			);
			path = SDWebImage;
			sourceTree = "<group>";
		};
/* End PBXGroup section */

/* Begin PBXNativeTarget section */
		88ABB0CB1D91343E00CB26A7 /* 瀑布流 */ = {
			isa = PBXNativeTarget;
			buildConfigurationList = 88ABB0E31D91343E00CB26A7 /* Build configuration list for PBXNativeTarget "瀑布流" */;
			buildPhases = (
				88ABB0C81D91343E00CB26A7 /* Sources */,
				88ABB0C91D91343E00CB26A7 /* Frameworks */,
				88ABB0CA1D91343E00CB26A7 /* Resources */,
			);
			buildRules = (
			);
			dependencies = (
			);
			name = "瀑布流";
			productName = "瀑布流";
			productReference = 88ABB0CC1D91343E00CB26A7 /* 瀑布流.app */;
			productType = "com.apple.product-type.application";
		};
/* End PBXNativeTarget section */

/* Begin PBXProject section */
		88ABB0C41D91343E00CB26A7 /* Project object */ = {
			isa = PBXProject;
			attributes = {
				LastUpgradeCheck = 0730;
				ORGANIZATIONNAME = zws;
				TargetAttributes = {
					88ABB0CB1D91343E00CB26A7 = {
						CreatedOnToolsVersion = 7.3.1;
					};
				};
			};
			buildConfigurationList = 88ABB0C71D91343E00CB26A7 /* Build configuration list for PBXProject "瀑布流" */;
			compatibilityVersion = "Xcode 3.2";
			developmentRegion = English;
			hasScannedForEncodings = 0;
			knownRegions = (
				en,
				Base,
			);
			mainGroup = 88ABB0C31D91343E00CB26A7;
			productRefGroup = 88ABB0CD1D91343E00CB26A7 /* Products */;
			projectDirPath = "";
			projectRoot = "";
			targets = (
				88ABB0CB1D91343E00CB26A7 /* 瀑布流 */,
			);
		};
/* End PBXProject section */

/* Begin PBXResourcesBuildPhase section */
		88ABB0CA1D91343E00CB26A7 /* Resources */ = {
			isa = PBXResourcesBuildPhase;
			buildActionMask = 2147483647;
			files = (
				88ABB0DF1D91343E00CB26A7 /* LaunchScreen.storyboard in Resources */,
				88ABB0DC1D91343E00CB26A7 /* Assets.xcassets in Resources */,
				88ABB0DA1D91343E00CB26A7 /* Main.storyboard in Resources */,
			);
			runOnlyForDeploymentPostprocessing = 0;
		};
/* End PBXResourcesBuildPhase section */

/* Begin PBXSourcesBuildPhase section */
		88ABB0C81D91343E00CB26A7 /* Sources */ = {
			isa = PBXSourcesBuildPhase;
			buildActionMask = 2147483647;
			files = (
				88ABB0F91D91363A00CB26A7 /* AFSecurityPolicy.m in Sources */,
				88ABB11F1D91364800CB26A7 /* MKAnnotationView+WebCache.m in Sources */,
				88ABB0FB1D91363A00CB26A7 /* AFURLResponseSerialization.m in Sources */,
				88ABB1271D91364800CB26A7 /* SDWebImagePrefetcher.m in Sources */,
				88ABB1261D91364800CB26A7 /* SDWebImageManager.m in Sources */,
				88ABB0D71D91343E00CB26A7 /* ViewController.m in Sources */,
				88ABB0E81D91352C00CB26A7 /* WSLayout.m in Sources */,
				88ABB12D1D91364800CB26A7 /* UIImageView+WebCache.m in Sources */,
				88ABB1221D91364800CB26A7 /* SDWebImageCompat.m in Sources */,
				88ABB0F71D91363A00CB26A7 /* AFHTTPSessionManager.m in Sources */,
				88ABB1231D91364800CB26A7 /* SDWebImageDecoder.m in Sources */,
				88ABB12A1D91364800CB26A7 /* UIImage+MultiFormat.m in Sources */,
				88ABB12B1D91364800CB26A7 /* UIImage+WebP.m in Sources */,
				88ABB1251D91364800CB26A7 /* SDWebImageDownloaderOperation.m in Sources */,
				88ABB12E1D91364800CB26A7 /* UIView+WebCacheOperation.m in Sources */,
				88ABB1241D91364800CB26A7 /* SDWebImageDownloader.m in Sources */,
				88ABB1291D91364800CB26A7 /* UIImage+GIF.m in Sources */,
				88ABB0FC1D91363A00CB26A7 /* AFURLSessionManager.m in Sources */,
				88ABB0D41D91343E00CB26A7 /* AppDelegate.m in Sources */,
				88ABB0F81D91363A00CB26A7 /* AFNetworkReachabilityManager.m in Sources */,
				88ABB12C1D91364800CB26A7 /* UIImageView+HighlightedWebCache.m in Sources */,
				88ABB0D11D91343E00CB26A7 /* main.m in Sources */,
				88ABB1211D91364800CB26A7 /* SDImageCache.m in Sources */,
				88ABB1281D91364800CB26A7 /* UIButton+WebCache.m in Sources */,
				88ABB1201D91364800CB26A7 /* NSData+ImageContentType.m in Sources */,
				88ABB0FA1D91363A00CB26A7 /* AFURLRequestSerialization.m in Sources */,
			);
			runOnlyForDeploymentPostprocessing = 0;
		};
/* End PBXSourcesBuildPhase section */

/* Begin PBXVariantGroup section */
		88ABB0D81D91343E00CB26A7 /* Main.storyboard */ = {
			isa = PBXVariantGroup;
			children = (
				88ABB0D91D91343E00CB26A7 /* Base */,
			);
			name = Main.storyboard;
			sourceTree = "<group>";
		};
		88ABB0DD1D91343E00CB26A7 /* LaunchScreen.storyboard */ = {
			isa = PBXVariantGroup;
			children = (
				88ABB0DE1D91343E00CB26A7 /* Base */,
			);
			name = LaunchScreen.storyboard;
			sourceTree = "<group>";
		};
/* End PBXVariantGroup section */

/* Begin XCBuildConfiguration section */
		88ABB0E11D91343E00CB26A7 /* Debug */ = {
			isa = XCBuildConfiguration;
			buildSettings = {
				ALWAYS_SEARCH_USER_PATHS = NO;
				CLANG_ANALYZER_NONNULL = YES;
				CLANG_CXX_LANGUAGE_STANDARD = "gnu++0x";
				CLANG_CXX_LIBRARY = "libc++";
				CLANG_ENABLE_MODULES = YES;
				CLANG_ENABLE_OBJC_ARC = YES;
				CLANG_WARN_BOOL_CONVERSION = YES;
				CLANG_WARN_CONSTANT_CONVERSION = YES;
				CLANG_WARN_DIRECT_OBJC_ISA_USAGE = YES_ERROR;
				CLANG_WARN_EMPTY_BODY = YES;
				CLANG_WARN_ENUM_CONVERSION = YES;
				CLANG_WARN_INT_CONVERSION = YES;
				CLANG_WARN_OBJC_ROOT_CLASS = YES_ERROR;
				CLANG_WARN_UNREACHABLE_CODE = YES;
				CLANG_WARN__DUPLICATE_METHOD_MATCH = YES;
				"CODE_SIGN_IDENTITY[sdk=iphoneos*]" = "iPhone Developer";
				COPY_PHASE_STRIP = NO;
				DEBUG_INFORMATION_FORMAT = dwarf;
				ENABLE_STRICT_OBJC_MSGSEND = YES;
				ENABLE_TESTABILITY = YES;
				GCC_C_LANGUAGE_STANDARD = gnu99;
				GCC_DYNAMIC_NO_PIC = NO;
				GCC_NO_COMMON_BLOCKS = YES;
				GCC_OPTIMIZATION_LEVEL = 0;
				GCC_PREPROCESSOR_DEFINITIONS = (
					"DEBUG=1",
					"$(inherited)",
				);
				GCC_WARN_64_TO_32_BIT_CONVERSION = YES;
				GCC_WARN_ABOUT_RETURN_TYPE = YES_ERROR;
				GCC_WARN_UNDECLARED_SELECTOR = YES;
				GCC_WARN_UNINITIALIZED_AUTOS = YES_AGGRESSIVE;
				GCC_WARN_UNUSED_FUNCTION = YES;
				GCC_WARN_UNUSED_VARIABLE = YES;
				IPHONEOS_DEPLOYMENT_TARGET = 9.3;
				MTL_ENABLE_DEBUG_INFO = YES;
				ONLY_ACTIVE_ARCH = YES;
				SDKROOT = iphoneos;
			};
			name = Debug;
		};
		88ABB0E21D91343E00CB26A7 /* Release */ = {
			isa = XCBuildConfiguration;
			buildSettings = {
				ALWAYS_SEARCH_USER_PATHS = NO;
				CLANG_ANALYZER_NONNULL = YES;
				CLANG_CXX_LANGUAGE_STANDARD = "gnu++0x";
				CLANG_CXX_LIBRARY = "libc++";
				CLANG_ENABLE_MODULES = YES;
				CLANG_ENABLE_OBJC_ARC = YES;
				CLANG_WARN_BOOL_CONVERSION = YES;
				CLANG_WARN_CONSTANT_CONVERSION = YES;
				CLANG_WARN_DIRECT_OBJC_ISA_USAGE = YES_ERROR;
				CLANG_WARN_EMPTY_BODY = YES;
				CLANG_WARN_ENUM_CONVERSION = YES;
				CLANG_WARN_INT_CONVERSION = YES;
				CLANG_WARN_OBJC_ROOT_CLASS = YES_ERROR;
				CLANG_WARN_UNREACHABLE_CODE = YES;
				CLANG_WARN__DUPLICATE_METHOD_MATCH = YES;
				"CODE_SIGN_IDENTITY[sdk=iphoneos*]" = "iPhone Developer";
				COPY_PHASE_STRIP = NO;
				DEBUG_INFORMATION_FORMAT = "dwarf-with-dsym";
				ENABLE_NS_ASSERTIONS = NO;
				ENABLE_STRICT_OBJC_MSGSEND = YES;
				GCC_C_LANGUAGE_STANDARD = gnu99;
				GCC_NO_COMMON_BLOCKS = YES;
				GCC_WARN_64_TO_32_BIT_CONVERSION = YES;
				GCC_WARN_ABOUT_RETURN_TYPE = YES_ERROR;
				GCC_WARN_UNDECLARED_SELECTOR = YES;
				GCC_WARN_UNINITIALIZED_AUTOS = YES_AGGRESSIVE;
				GCC_WARN_UNUSED_FUNCTION = YES;
				GCC_WARN_UNUSED_VARIABLE = YES;
				IPHONEOS_DEPLOYMENT_TARGET = 9.3;
				MTL_ENABLE_DEBUG_INFO = NO;
				SDKROOT = iphoneos;
				VALIDATE_PRODUCT = YES;
			};
			name = Release;
		};
		88ABB0E41D91343E00CB26A7 /* Debug */ = {
			isa = XCBuildConfiguration;
			buildSettings = {
				ASSETCATALOG_COMPILER_APPICON_NAME = AppIcon;
				INFOPLIST_FILE = "瀑布流/Info.plist";
				IPHONEOS_DEPLOYMENT_TARGET = 7.0;
				LD_RUNPATH_SEARCH_PATHS = "$(inherited) @executable_path/Frameworks";
				PRODUCT_BUNDLE_IDENTIFIER = "com.sinfotek.---";
				PRODUCT_NAME = "$(TARGET_NAME)";
			};
			name = Debug;
		};
		88ABB0E51D91343E00CB26A7 /* Release */ = {
			isa = XCBuildConfiguration;
			buildSettings = {
				ASSETCATALOG_COMPILER_APPICON_NAME = AppIcon;
				INFOPLIST_FILE = "瀑布流/Info.plist";
				IPHONEOS_DEPLOYMENT_TARGET = 7.0;
				LD_RUNPATH_SEARCH_PATHS = "$(inherited) @executable_path/Frameworks";
				PRODUCT_BUNDLE_IDENTIFIER = "com.sinfotek.---";
				PRODUCT_NAME = "$(TARGET_NAME)";
			};
			name = Release;
		};
/* End XCBuildConfiguration section */

/* Begin XCConfigurationList section */
		88ABB0C71D91343E00CB26A7 /* Build configuration list for PBXProject "瀑布流" */ = {
			isa = XCConfigurationList;
			buildConfigurations = (
				88ABB0E11D91343E00CB26A7 /* Debug */,
				88ABB0E21D91343E00CB26A7 /* Release */,
			);
			defaultConfigurationIsVisible = 0;
			defaultConfigurationName = Release;
		};
		88ABB0E31D91343E00CB26A7 /* Build configuration list for PBXNativeTarget "瀑布流" */ = {
			isa = XCConfigurationList;
			buildConfigurations = (
				88ABB0E41D91343E00CB26A7 /* Debug */,
				88ABB0E51D91343E00CB26A7 /* Release */,
			);
			defaultConfigurationIsVisible = 0;
		};
/* End XCConfigurationList section */
	};
	rootObject = 88ABB0C41D91343E00CB26A7 /* Project object */;
}
